
Microsoft Visual Studio Solution File, Format Version 12.00
# Visual Studio 2013
VisualStudioVersion = 12.0.31101.0
MinimumVisualStudioVersion = 10.0.40219.1
Project("{F184B08F-C81C-45F6-A57F-5ABD9991F28F}") = "OBSChampionScreen", "OBSChampionScreen\OBSChampionScreen.vbproj", "{0CC6241C-310C-4CEF-8143-F70BD0A51EBB}"
EndProject
Project("{2150E333-8FDC-42A3-9474-1A3956D46DE8}") = "Solution Items", "Solution Items", "{64F2A220-5906-4FA3-94B7-C8E32C10EDDD}"
EndProject
Project("{F184B08F-C81C-45F6-A57F-5ABD9991F28F}") = "ChampionScreenCreator", "ChampionScreenCreator\ChampionScreenCreator.vbproj", "{5C881ECA-8EBC-4EE2-8624-28C76FB4F8CB}"
EndProject
Global
	GlobalSection(SolutionConfigurationPlatforms) = preSolution
		Debug|Any CPU = Debug|Any CPU
		Release|Any CPU = Release|Any CPU
	EndGlobalSection
	GlobalSection(ProjectConfigurationPlatforms) = postSolution
		{0CC6241C-310C-4CEF-8143-F70BD0A51EBB}.Debug|Any CPU.ActiveCfg = Debug|Any CPU
		{0CC6241C-310C-4CEF-8143-F70BD0A51EBB}.Debug|Any CPU.Build.0 = Debug|Any CPU
		{0CC6241C-310C-4CEF-8143-F70BD0A51EBB}.Release|Any CPU.ActiveCfg = Release|Any CPU
		{0CC6241C-310C-4CEF-8143-F70BD0A51EBB}.Release|Any CPU.Build.0 = Release|Any CPU
		{5C881ECA-8EBC-4EE2-8624-28C76FB4F8CB}.Debug|Any CPU.ActiveCfg = Debug|Any CPU
		{5C881ECA-8EBC-4EE2-8624-28C76FB4F8CB}.Debug|Any CPU.Build.0 = Debug|Any CPU
		{5C881ECA-8EBC-4EE2-8624-28C76FB4F8CB}.Release|Any CPU.ActiveCfg = Release|Any CPU
		{5C881ECA-8EBC-4EE2-8624-28C76FB4F8CB}.Release|Any CPU.Build.0 = Release|Any CPU
	EndGlobalSection
	GlobalSection(SolutionProperties) = preSolution
		HideSolutionNode = FALSE
	EndGlobalSection
EndGlobal
